
Microsoft Visual Studio Solution File, Format Version 12.00
# Visual Studio Version 17
VisualStudioVersion = 17.9.34607.119
MinimumVisualStudioVersion = 10.0.40219.1
Project("{9A19103F-16F7-4668-BE54-9A1E7A4F7556}") = "GoalTracker", "TaskTracker\GoalTracker.csproj", "{9083FEB9-480A-49BC-AC0E-ED9630D39EB4}"
EndProject
Global
	GlobalSection(SolutionConfigurationPlatforms) = preSolution
		Debug|Any CPU = Debug|Any CPU
		Release|Any CPU = Release|Any CPU
	EndGlobalSection
	GlobalSection(ProjectConfigurationPlatforms) = postSolution
		{9083FEB9-480A-49BC-AC0E-ED9630D39EB4}.Debug|Any CPU.ActiveCfg = Debug|Any CPU
		{9083FEB9-480A-49BC-AC0E-ED9630D39EB4}.Debug|Any CPU.Build.0 = Debug|Any CPU
		{9083FEB9-480A-49BC-AC0E-ED9630D39EB4}.Release|Any CPU.ActiveCfg = Release|Any CPU
		{9083FEB9-480A-49BC-AC0E-ED9630D39EB4}.Release|Any CPU.Build.0 = Release|Any CPU
	EndGlobalSection
	GlobalSection(SolutionProperties) = preSolution
		HideSolutionNode = FALSE
	EndGlobalSection
	GlobalSection(ExtensibilityGlobals) = postSolution
		SolutionGuid = {E4CEBC0D-21FB-49CB-9AA1-322838A32E52}
	EndGlobalSection
EndGlobal
